
Microsoft Visual Studio Solution File, Format Version 12.00
# Visual Studio Version 16
VisualStudioVersion = 16.0.31515.178
MinimumVisualStudioVersion = 10.0.40219.1
Project("{FAE04EC0-301F-11D3-BF4B-00C04F79EFBC}") = "DefinitivoCreacionBufete", "DefinitivoCreacionBufete.csproj", "{B4A61D9D-C3C6-49A6-9DBE-F047724EC9E4}"
EndProject
Global
	GlobalSection(SolutionConfigurationPlatforms) = preSolution
		Debug|Any CPU = Debug|Any CPU
		Release|Any CPU = Release|Any CPU
	EndGlobalSection
	GlobalSection(ProjectConfigurationPlatforms) = postSolution
		{B4A61D9D-C3C6-49A6-9DBE-F047724EC9E4}.Debug|Any CPU.ActiveCfg = Debug|Any CPU
		{B4A61D9D-C3C6-49A6-9DBE-F047724EC9E4}.Debug|Any CPU.Build.0 = Debug|Any CPU
		{B4A61D9D-C3C6-49A6-9DBE-F047724EC9E4}.Release|Any CPU.ActiveCfg = Release|Any CPU
		{B4A61D9D-C3C6-49A6-9DBE-F047724EC9E4}.Release|Any CPU.Build.0 = Release|Any CPU
	EndGlobalSection
	GlobalSection(SolutionProperties) = preSolution
		HideSolutionNode = FALSE
	EndGlobalSection
	GlobalSection(ExtensibilityGlobals) = postSolution
		SolutionGuid = {0C6FA721-9B33-49BE-90C2-00CBAB050145}
	EndGlobalSection
EndGlobal
